<?xml version="1.0" encoding="utf-8"?>
<Project ToolsVersion="4.0" xmlns="http://schemas.microsoft.com/developer/msbuild/2003">
  <ItemGroup>
    <Filter Include="Исходные файлы">
      <UniqueIdentifier>{4FC737F1-C7A5-4376-A066-2A32D752A2FF}</UniqueIdentifier>
      <Extensions>cpp;c;cc;cxx;c++;cppm;ixx;def;odl;idl;hpj;bat;asm;asmx</Extensions>
    </Filter>
    <Filter Include="Файлы заголовков">
      <UniqueIdentifier>{93995380-89BD-4b04-88EB-625FBE52EBFB}</UniqueIdentifier>
      <Extensions>h;hh;hpp;hxx;h++;hm;inl;inc;ipp;xsd</Extensions>
    </Filter>
    <Filter Include="Файлы ресурсов">
      <UniqueIdentifier>{67DA6AB6-F800-4c08-8B7A-83BB121AAD01}</UniqueIdentifier>
      <Extensions>rc;ico;cur;bmp;dlg;rc2;rct;bin;rgs;gif;jpg;jpeg;jpe;resx;tiff;tif;png;wav;mfcribbon-ms</Extensions>
    </Filter>
    <Filter Include="Type">
      <UniqueIdentifier>{8e834dfa-c327-45cc-ae68-59354b6efdf9}</UniqueIdentifier>
    </Filter>
    <Filter Include="FontManager">
      <UniqueIdentifier>{cd398c83-d175-4c6e-8eff-e3080d1a2827}</UniqueIdentifier>
    </Filter>
    <Filter Include="Constructor">
      <UniqueIdentifier>{878cedaa-859a-4137-958c-7e2d2f85ec5c}</UniqueIdentifier>
    </Filter>
    <Filter Include="object">
      <UniqueIdentifier>{346a4cc9-d412-4ed2-a95c-7d1e661376c9}</UniqueIdentifier>
    </Filter>
    <Filter Include="object\model">
      <UniqueIdentifier>{edda42da-e81d-4e64-ae41-2a089d66b5a4}</UniqueIdentifier>
    </Filter>
    <Filter Include="object\button">
      <UniqueIdentifier>{6dadee7c-07a5-4daa-be9f-232f7f6cd036}</UniqueIdentifier>
    </Filter>
    <Filter Include="Indicator">
      <UniqueIdentifier>{fc537011-4362-4fa2-84cb-636f4070a03d}</UniqueIdentifier>
    </Filter>
    <Filter Include="Indicator\Counter">
      <UniqueIdentifier>{d32df712-5fc4-48cb-8f48-93b2b8ce08f0}</UniqueIdentifier>
    </Filter>
    <Filter Include="Indicator\Color">
      <UniqueIdentifier>{74f03e80-54a2-45d0-ad92-ecdaaa12f879}</UniqueIdentifier>
    </Filter>
  </ItemGroup>
  <ItemGroup>
    <ClCompile Include="file.cpp">
      <Filter>Исходные файлы</Filter>
    </ClCompile>
    <ClCompile Include="Button.cpp">
      <Filter>object\button</Filter>
    </ClCompile>
    <ClCompile Include="Model.cpp">
      <Filter>object\model</Filter>
    </ClCompile>
    <ClCompile Include="Type.hpp">
      <Filter>Type</Filter>
    </ClCompile>
    <ClCompile Include="FontManager.cpp">
      <Filter>FontManager</Filter>
    </ClCompile>
    <ClCompile Include="Constructor.cpp">
      <Filter>Constructor</Filter>
    </ClCompile>
    <ClCompile Include="Counter.cpp">
      <Filter>Indicator\Counter</Filter>
    </ClCompile>
    <ClCompile Include="slider.cpp">
      <Filter>Indicator\Color</Filter>
    </ClCompile>
    <ClCompile Include="button_shape.cpp">
      <Filter>object\button</Filter>
    </ClCompile>
  </ItemGroup>
  <ItemGroup>
    <ClInclude Include="Button.hpp">
      <Filter>object\button</Filter>
    </ClInclude>
    <ClInclude Include="Model.hpp">
      <Filter>object\model</Filter>
    </ClInclude>
    <ClInclude Include="FontManager.hpp">
      <Filter>FontManager</Filter>
    </ClInclude>
    <ClInclude Include="resource.h">
      <Filter>Файлы заголовков</Filter>
    </ClInclude>
    <ClInclude Include="Constructor.hpp">
      <Filter>Constructor</Filter>
    </ClInclude>
    <ClInclude Include="Counter.hpp">
      <Filter>Indicator\Counter</Filter>
    </ClInclude>
    <ClInclude Include="slider.hpp">
      <Filter>Indicator\Color</Filter>
    </ClInclude>
    <ClInclude Include="button_shape.hpp">
      <Filter>object\button</Filter>
    </ClInclude>
  </ItemGroup>
  <ItemGroup>
    <ResourceCompile Include="SFML_CONSTRUCTOR.rc">
      <Filter>Файлы ресурсов</Filter>
    </ResourceCompile>
  </ItemGroup>
  <ItemGroup>
    <Font Include="ofont.ru_Hirro Sans.ttf" />
  </ItemGroup>
</Project>